
Microsoft Visual Studio Solution File, Format Version 12.00
# Visual Studio Version 16
VisualStudioVersion = 16.0.29613.14
MinimumVisualStudioVersion = 10.0.40219.1
Project("{FAE04EC0-301F-11D3-BF4B-00C04F79EFBC}") = "MathQuiz", "MathQuiz\MathQuiz.csproj", "{4FD99300-89AF-477E-A7B5-775E69531DD3}"
EndProject
Global
	GlobalSection(SolutionConfigurationPlatforms) = preSolution
		Debug|Any CPU = Debug|Any CPU
		Release|Any CPU = Release|Any CPU
	EndGlobalSection
	GlobalSection(ProjectConfigurationPlatforms) = postSolution
		{4FD99300-89AF-477E-A7B5-775E69531DD3}.Debug|Any CPU.ActiveCfg = Debug|Any CPU
		{4FD99300-89AF-477E-A7B5-775E69531DD3}.Debug|Any CPU.Build.0 = Debug|Any CPU
		{4FD99300-89AF-477E-A7B5-775E69531DD3}.Release|Any CPU.ActiveCfg = Release|Any CPU
		{4FD99300-89AF-477E-A7B5-775E69531DD3}.Release|Any CPU.Build.0 = Release|Any CPU
	EndGlobalSection
	GlobalSection(SolutionProperties) = preSolution
		HideSolutionNode = FALSE
	EndGlobalSection
	GlobalSection(ExtensibilityGlobals) = postSolution
		SolutionGuid = {C97E345D-4F75-44D4-8231-1B8CF67ADBFA}
	EndGlobalSection
EndGlobal
